
Microsoft Visual Studio Solution File, Format Version 12.00
# Visual Studio Version 17
VisualStudioVersion = 17.1.32228.430
MinimumVisualStudioVersion = 10.0.40219.1
Project("{FAE04EC0-301F-11D3-BF4B-00C04F79EFBC}") = "VisualizadordeEventos", "VisualizadordeEventos\VisualizadordeEventos.csproj", "{9F56F508-1F44-4165-B500-EF30F0F83E43}"
EndProject
Project("{FAE04EC0-301F-11D3-BF4B-00C04F79EFBC}") = "XUnitTestEvents", "XUnitTestEvents\XUnitTestEvents.csproj", "{C68CCA69-62B9-4AAA-B073-2BC4A738BE04}"
EndProject
Global
	GlobalSection(SolutionConfigurationPlatforms) = preSolution
		Debug|Any CPU = Debug|Any CPU
		Release|Any CPU = Release|Any CPU
	EndGlobalSection
	GlobalSection(ProjectConfigurationPlatforms) = postSolution
		{9F56F508-1F44-4165-B500-EF30F0F83E43}.Debug|Any CPU.ActiveCfg = Debug|Any CPU
		{9F56F508-1F44-4165-B500-EF30F0F83E43}.Debug|Any CPU.Build.0 = Debug|Any CPU
		{9F56F508-1F44-4165-B500-EF30F0F83E43}.Release|Any CPU.ActiveCfg = Release|Any CPU
		{9F56F508-1F44-4165-B500-EF30F0F83E43}.Release|Any CPU.Build.0 = Release|Any CPU
		{C68CCA69-62B9-4AAA-B073-2BC4A738BE04}.Debug|Any CPU.ActiveCfg = Debug|Any CPU
		{C68CCA69-62B9-4AAA-B073-2BC4A738BE04}.Debug|Any CPU.Build.0 = Debug|Any CPU
		{C68CCA69-62B9-4AAA-B073-2BC4A738BE04}.Release|Any CPU.ActiveCfg = Release|Any CPU
		{C68CCA69-62B9-4AAA-B073-2BC4A738BE04}.Release|Any CPU.Build.0 = Release|Any CPU
	EndGlobalSection
	GlobalSection(SolutionProperties) = preSolution
		HideSolutionNode = FALSE
	EndGlobalSection
	GlobalSection(ExtensibilityGlobals) = postSolution
		SolutionGuid = {63398F37-73D9-4159-AC31-E96E12D0B207}
	EndGlobalSection
EndGlobal
